
Microsoft Visual Studio Solution File, Format Version 12.00
# Visual Studio Version 16
VisualStudioVersion = 16.0.34031.81
MinimumVisualStudioVersion = 10.0.40219.1
Project("{2150E333-8FDC-42A3-9474-1A3956D46DE8}") = "Task0", "Task0", "{79547D5E-FE5E-4CF7-9F1C-21AF7A5F61A2}"
EndProject
Project("{2150E333-8FDC-42A3-9474-1A3956D46DE8}") = "Task1", "Task1", "{7A008CEC-2425-481A-B17E-6EC7040CF15B}"
EndProject
Project("{2150E333-8FDC-42A3-9474-1A3956D46DE8}") = "Task2", "Task2", "{B3307B11-CDFD-41E2-B441-548A21502BEC}"
EndProject
Project("{2150E333-8FDC-42A3-9474-1A3956D46DE8}") = "Task3", "Task3", "{54AC1328-3128-4D8D-950C-9BDA5C8B0A61}"
EndProject
Project("{FAE04EC0-301F-11D3-BF4B-00C04F79EFBC}") = "Tyuiu.FedorenkoKS.Sprint5.Task3.V25", "Tyuiu.FedorenkoKS.Sprint5.Task3.V25\Tyuiu.FedorenkoKS.Sprint5.Task3.V25.csproj", "{6AC01026-DDE7-477A-BACF-CBBB7BDC986D}"
EndProject
Project("{FAE04EC0-301F-11D3-BF4B-00C04F79EFBC}") = "Tyuiu.FedorenkoKS.Sprint5.Task3.V25.Lib", "Tyuiu.FedorenkoKS.Sprint5.Task3.V25.Lib\Tyuiu.FedorenkoKS.Sprint5.Task3.V25.Lib.csproj", "{118012ED-4F59-4B5D-93DA-47CE1678F293}"
EndProject
Project("{FAE04EC0-301F-11D3-BF4B-00C04F79EFBC}") = "Tyuiu.FedorenkoKS.Sprint5.Task3.V25.Test", "Tyuiu.FedorenkoKS.Sprint5.Task3.V25.Test\Tyuiu.FedorenkoKS.Sprint5.Task3.V25.Test.csproj", "{C68C7946-5F72-47AF-88C2-524D26846BF2}"
EndProject
Project("{FAE04EC0-301F-11D3-BF4B-00C04F79EFBC}") = "Tyuiu.FedorenkoKS.Sprint5.Task2.V10", "Tyuiu.FedorenkoKS.Sprint5.Task2.V10\Tyuiu.FedorenkoKS.Sprint5.Task2.V10.csproj", "{08026AEC-0F91-4ED5-AB32-CA65E36B121D}"
EndProject
Project("{FAE04EC0-301F-11D3-BF4B-00C04F79EFBC}") = "Tyuiu.FedorenkoKS.Sprint5.Task2.V10.Test", "Tyuiu.FedorenkoKS.Sprint5.Task2.V10.Test\Tyuiu.FedorenkoKS.Sprint5.Task2.V10.Test.csproj", "{A505DED0-C20B-43DF-B4AE-DF8B4FAFDB29}"
EndProject
Project("{FAE04EC0-301F-11D3-BF4B-00C04F79EFBC}") = "Tyuiu.FedorenkoKS.Sprint5.Task2.V10.Lib", "Tyuiu.FedorenkoKS.Sprint5.Task2.V10.Lib\Tyuiu.FedorenkoKS.Sprint5.Task2.V10.Lib.csproj", "{5B15AE1A-C396-4DF2-B452-7EFC0DD2AB71}"
EndProject
Project("{FAE04EC0-301F-11D3-BF4B-00C04F79EFBC}") = "Tyuiu.FedorenkoKS.Sprint5.Task1.V3", "Tyuiu.FedorenkoKS.Sprint5.Task1.V3\Tyuiu.FedorenkoKS.Sprint5.Task1.V3.csproj", "{A553F6BA-2513-496B-B602-3C84EE1565EF}"
EndProject
Project("{FAE04EC0-301F-11D3-BF4B-00C04F79EFBC}") = "Tyuiu.FedorenkoKS.Sprint5.Task1.V3.Lib", "Tyuiu.FedorenkoKS.Sprint5.Task1.V3.Lib\Tyuiu.FedorenkoKS.Sprint5.Task1.V3.Lib.csproj", "{56AB9091-5620-4050-BA5D-7EFD6FE8E41B}"
EndProject
Project("{FAE04EC0-301F-11D3-BF4B-00C04F79EFBC}") = "Tyuiu.FedorenkoKS.Sprint5.Task1.V3.Test", "Tyuiu.FedorenkoKS.Sprint5.Task1.V3.Test\Tyuiu.FedorenkoKS.Sprint5.Task1.V3.Test.csproj", "{42EC991D-0E67-4681-8202-CFAC2C82D530}"
EndProject
Project("{FAE04EC0-301F-11D3-BF4B-00C04F79EFBC}") = "Tyuiu.FedorenkoKS.Sprint5.Task0.V10", "Tyuiu.FedorenkoKS.Sprint5.Task0.V10\Tyuiu.FedorenkoKS.Sprint5.Task0.V10.csproj", "{F15C2E0F-8A3E-4A09-853C-73E598B75BAF}"
EndProject
Project("{FAE04EC0-301F-11D3-BF4B-00C04F79EFBC}") = "Tyuiu.FedorenkoKS.Sprint5.Task0.V10.Test", "Tyuiu.FedorenkoKS.Sprint5.Task0.V10.Test\Tyuiu.FedorenkoKS.Sprint5.Task0.V10.Test.csproj", "{0B0C7CDE-A828-4C2D-AF3D-1202ED58F36A}"
EndProject
Project("{FAE04EC0-301F-11D3-BF4B-00C04F79EFBC}") = "Tyuiu.FedorenkoKS.Sprint5.Task0.V10.Lib", "Tyuiu.FedorenkoKS.Sprint5.Task0.V10.Lib\Tyuiu.FedorenkoKS.Sprint5.Task0.V10.Lib.csproj", "{0451BE4A-56D2-426A-9110-DF9C5387ABE8}"
EndProject
Global
	GlobalSection(SolutionConfigurationPlatforms) = preSolution
		Debug|Any CPU = Debug|Any CPU
		Release|Any CPU = Release|Any CPU
	EndGlobalSection
	GlobalSection(ProjectConfigurationPlatforms) = postSolution
		{6AC01026-DDE7-477A-BACF-CBBB7BDC986D}.Debug|Any CPU.ActiveCfg = Debug|Any CPU
		{6AC01026-DDE7-477A-BACF-CBBB7BDC986D}.Debug|Any CPU.Build.0 = Debug|Any CPU
		{6AC01026-DDE7-477A-BACF-CBBB7BDC986D}.Release|Any CPU.ActiveCfg = Release|Any CPU
		{6AC01026-DDE7-477A-BACF-CBBB7BDC986D}.Release|Any CPU.Build.0 = Release|Any CPU
		{118012ED-4F59-4B5D-93DA-47CE1678F293}.Debug|Any CPU.ActiveCfg = Debug|Any CPU
		{118012ED-4F59-4B5D-93DA-47CE1678F293}.Debug|Any CPU.Build.0 = Debug|Any CPU
		{118012ED-4F59-4B5D-93DA-47CE1678F293}.Release|Any CPU.ActiveCfg = Release|Any CPU
		{118012ED-4F59-4B5D-93DA-47CE1678F293}.Release|Any CPU.Build.0 = Release|Any CPU
		{C68C7946-5F72-47AF-88C2-524D26846BF2}.Debug|Any CPU.ActiveCfg = Debug|Any CPU
		{C68C7946-5F72-47AF-88C2-524D26846BF2}.Debug|Any CPU.Build.0 = Debug|Any CPU
		{C68C7946-5F72-47AF-88C2-524D26846BF2}.Release|Any CPU.ActiveCfg = Release|Any CPU
		{C68C7946-5F72-47AF-88C2-524D26846BF2}.Release|Any CPU.Build.0 = Release|Any CPU
		{08026AEC-0F91-4ED5-AB32-CA65E36B121D}.Debug|Any CPU.ActiveCfg = Debug|Any CPU
		{08026AEC-0F91-4ED5-AB32-CA65E36B121D}.Debug|Any CPU.Build.0 = Debug|Any CPU
		{08026AEC-0F91-4ED5-AB32-CA65E36B121D}.Release|Any CPU.ActiveCfg = Release|Any CPU
		{08026AEC-0F91-4ED5-AB32-CA65E36B121D}.Release|Any CPU.Build.0 = Release|Any CPU
		{A505DED0-C20B-43DF-B4AE-DF8B4FAFDB29}.Debug|Any CPU.ActiveCfg = Debug|Any CPU
		{A505DED0-C20B-43DF-B4AE-DF8B4FAFDB29}.Debug|Any CPU.Build.0 = Debug|Any CPU
		{A505DED0-C20B-43DF-B4AE-DF8B4FAFDB29}.Release|Any CPU.ActiveCfg = Release|Any CPU
		{A505DED0-C20B-43DF-B4AE-DF8B4FAFDB29}.Release|Any CPU.Build.0 = Release|Any CPU
		{5B15AE1A-C396-4DF2-B452-7EFC0DD2AB71}.Debug|Any CPU.ActiveCfg = Debug|Any CPU
		{5B15AE1A-C396-4DF2-B452-7EFC0DD2AB71}.Debug|Any CPU.Build.0 = Debug|Any CPU
		{5B15AE1A-C396-4DF2-B452-7EFC0DD2AB71}.Release|Any CPU.ActiveCfg = Release|Any CPU
		{5B15AE1A-C396-4DF2-B452-7EFC0DD2AB71}.Release|Any CPU.Build.0 = Release|Any CPU
		{A553F6BA-2513-496B-B602-3C84EE1565EF}.Debug|Any CPU.ActiveCfg = Debug|Any CPU
		{A553F6BA-2513-496B-B602-3C84EE1565EF}.Debug|Any CPU.Build.0 = Debug|Any CPU
		{A553F6BA-2513-496B-B602-3C84EE1565EF}.Release|Any CPU.ActiveCfg = Release|Any CPU
		{A553F6BA-2513-496B-B602-3C84EE1565EF}.Release|Any CPU.Build.0 = Release|Any CPU
		{56AB9091-5620-4050-BA5D-7EFD6FE8E41B}.Debug|Any CPU.ActiveCfg = Debug|Any CPU
		{56AB9091-5620-4050-BA5D-7EFD6FE8E41B}.Debug|Any CPU.Build.0 = Debug|Any CPU
		{56AB9091-5620-4050-BA5D-7EFD6FE8E41B}.Release|Any CPU.ActiveCfg = Release|Any CPU
		{56AB9091-5620-4050-BA5D-7EFD6FE8E41B}.Release|Any CPU.Build.0 = Release|Any CPU
		{42EC991D-0E67-4681-8202-CFAC2C82D530}.Debug|Any CPU.ActiveCfg = Debug|Any CPU
		{42EC991D-0E67-4681-8202-CFAC2C82D530}.Debug|Any CPU.Build.0 = Debug|Any CPU
		{42EC991D-0E67-4681-8202-CFAC2C82D530}.Release|Any CPU.ActiveCfg = Release|Any CPU
		{42EC991D-0E67-4681-8202-CFAC2C82D530}.Release|Any CPU.Build.0 = Release|Any CPU
		{F15C2E0F-8A3E-4A09-853C-73E598B75BAF}.Debug|Any CPU.ActiveCfg = Debug|Any CPU
		{F15C2E0F-8A3E-4A09-853C-73E598B75BAF}.Debug|Any CPU.Build.0 = Debug|Any CPU
		{F15C2E0F-8A3E-4A09-853C-73E598B75BAF}.Release|Any CPU.ActiveCfg = Release|Any CPU
		{F15C2E0F-8A3E-4A09-853C-73E598B75BAF}.Release|Any CPU.Build.0 = Release|Any CPU
		{0B0C7CDE-A828-4C2D-AF3D-1202ED58F36A}.Debug|Any CPU.ActiveCfg = Debug|Any CPU
		{0B0C7CDE-A828-4C2D-AF3D-1202ED58F36A}.Debug|Any CPU.Build.0 = Debug|Any CPU
		{0B0C7CDE-A828-4C2D-AF3D-1202ED58F36A}.Release|Any CPU.ActiveCfg = Release|Any CPU
		{0B0C7CDE-A828-4C2D-AF3D-1202ED58F36A}.Release|Any CPU.Build.0 = Release|Any CPU
		{0451BE4A-56D2-426A-9110-DF9C5387ABE8}.Debug|Any CPU.ActiveCfg = Debug|Any CPU
		{0451BE4A-56D2-426A-9110-DF9C5387ABE8}.Debug|Any CPU.Build.0 = Debug|Any CPU
		{0451BE4A-56D2-426A-9110-DF9C5387ABE8}.Release|Any CPU.ActiveCfg = Release|Any CPU
		{0451BE4A-56D2-426A-9110-DF9C5387ABE8}.Release|Any CPU.Build.0 = Release|Any CPU
	EndGlobalSection
	GlobalSection(SolutionProperties) = preSolution
		HideSolutionNode = FALSE
	EndGlobalSection
	GlobalSection(NestedProjects) = preSolution
		{6AC01026-DDE7-477A-BACF-CBBB7BDC986D} = {54AC1328-3128-4D8D-950C-9BDA5C8B0A61}
		{118012ED-4F59-4B5D-93DA-47CE1678F293} = {54AC1328-3128-4D8D-950C-9BDA5C8B0A61}
		{C68C7946-5F72-47AF-88C2-524D26846BF2} = {54AC1328-3128-4D8D-950C-9BDA5C8B0A61}
		{08026AEC-0F91-4ED5-AB32-CA65E36B121D} = {B3307B11-CDFD-41E2-B441-548A21502BEC}
		{A505DED0-C20B-43DF-B4AE-DF8B4FAFDB29} = {B3307B11-CDFD-41E2-B441-548A21502BEC}
		{5B15AE1A-C396-4DF2-B452-7EFC0DD2AB71} = {B3307B11-CDFD-41E2-B441-548A21502BEC}
		{A553F6BA-2513-496B-B602-3C84EE1565EF} = {7A008CEC-2425-481A-B17E-6EC7040CF15B}
		{56AB9091-5620-4050-BA5D-7EFD6FE8E41B} = {7A008CEC-2425-481A-B17E-6EC7040CF15B}
		{42EC991D-0E67-4681-8202-CFAC2C82D530} = {7A008CEC-2425-481A-B17E-6EC7040CF15B}
		{F15C2E0F-8A3E-4A09-853C-73E598B75BAF} = {79547D5E-FE5E-4CF7-9F1C-21AF7A5F61A2}
		{0B0C7CDE-A828-4C2D-AF3D-1202ED58F36A} = {79547D5E-FE5E-4CF7-9F1C-21AF7A5F61A2}
		{0451BE4A-56D2-426A-9110-DF9C5387ABE8} = {79547D5E-FE5E-4CF7-9F1C-21AF7A5F61A2}
	EndGlobalSection
	GlobalSection(ExtensibilityGlobals) = postSolution
		SolutionGuid = {22B0D721-AA2F-41AE-A1CD-5188013C6CD8}
	EndGlobalSection
EndGlobal
